<Solution>
  <Project Path="SimpleNotes.API/SimpleNotes.API.csproj" />
  <Project Path="SimpleNotes.Application/SimpleNotes.Application.csproj" />
  <Project Path="SimpleNotes.Domain/SimpleNotes.Domain.csproj" />
  <Project Path="SimpleNotes.Infrastructure/SimpleNotes.Infrastructure.csproj" />
</Solution>
